// !$*UTF8*$!
{
	archiveVersion = 1;
	classes = {
	};
	objectVersion = 50;
	objects = {

/* Begin PBXBuildFile section */
		1A306FF92334A21800AF51F9 /* AppDelegate.swift in Sources */ = {isa = PBXBuildFile; fileRef = 1A306FF82334A21800AF51F9 /* AppDelegate.swift */; };
		1A306FFB2334A21800AF51F9 /* ViewController.swift in Sources */ = {isa = PBXBuildFile; fileRef = 1A306FFA2334A21800AF51F9 /* ViewController.swift */; };
		1A306FFE2334A21800AF51F9 /* Main.storyboard in Resources */ = {isa = PBXBuildFile; fileRef = 1A306FFC2334A21800AF51F9 /* Main.storyboard */; };
		1A3070002334A21900AF51F9 /* Assets.xcassets in Resources */ = {isa = PBXBuildFile; fileRef = 1A306FFF2334A21900AF51F9 /* Assets.xcassets */; };
		1A3070032334A21900AF51F9 /* LaunchScreen.storyboard in Resources */ = {isa = PBXBuildFile; fileRef = 1A3070012334A21900AF51F9 /* LaunchScreen.storyboard */; };
		1A30700E2334A21900AF51F9 /* QuizTests.swift in Sources */ = {isa = PBXBuildFile; fileRef = 1A30700D2334A21900AF51F9 /* QuizTests.swift */; };
		1A3070192334A21900AF51F9 /* QuizUITests.swift in Sources */ = {isa = PBXBuildFile; fileRef = 1A3070182334A21900AF51F9 /* QuizUITests.swift */; };
/* End PBXBuildFile section */

/* Begin PBXContainerItemProxy section */
		1A30700A2334A21900AF51F9 /* PBXContainerItemProxy */ = {
			isa = PBXContainerItemProxy;
			containerPortal = 1A306FED2334A21700AF51F9 /* Project object */;
			proxyType = 1;
			remoteGlobalIDString = 1A306FF42334A21700AF51F9;
			remoteInfo = Quiz;
		};
		1A3070152334A21900AF51F9 /* PBXContainerItemProxy */ = {
			isa = PBXContainerItemProxy;
			containerPortal = 1A306FED2334A21700AF51F9 /* Project object */;
			proxyType = 1;
			remoteGlobalIDString = 1A306FF42334A21700AF51F9;
			remoteInfo = Quiz;
		};
/* End PBXContainerItemProxy section */

/* Begin PBXFileReference section */
		1A306FF52334A21800AF51F9 /* Quiz.app */ = {isa = PBXFileReference; explicitFileType = wrapper.application; includeInIndex = 0; path = Quiz.app; sourceTree = BUILT_PRODUCTS_DIR; };
		1A306FF82334A21800AF51F9 /* AppDelegate.swift */ = {isa = PBXFileReference; lastKnownFileType = sourcecode.swift; path = AppDelegate.swift; sourceTree = "<group>"; };
		1A306FFA2334A21800AF51F9 /* ViewController.swift */ = {isa = PBXFileReference; lastKnownFileType = sourcecode.swift; path = ViewController.swift; sourceTree = "<group>"; };
		1A306FFD2334A21800AF51F9 /* Base */ = {isa = PBXFileReference; lastKnownFileType = file.storyboard; name = Base; path = Base.lproj/Main.storyboard; sourceTree = "<group>"; };
		1A306FFF2334A21900AF51F9 /* Assets.xcassets */ = {isa = PBXFileReference; lastKnownFileType = folder.assetcatalog; path = Assets.xcassets; sourceTree = "<group>"; };
		1A3070022334A21900AF51F9 /* Base */ = {isa = PBXFileReference; lastKnownFileType = file.storyboard; name = Base; path = Base.lproj/LaunchScreen.storyboard; sourceTree = "<group>"; };
		1A3070042334A21900AF51F9 /* Info.plist */ = {isa = PBXFileReference; lastKnownFileType = text.plist.xml; path = Info.plist; sourceTree = "<group>"; };
		1A3070092334A21900AF51F9 /* QuizTests.xctest */ = {isa = PBXFileReference; explicitFileType = wrapper.cfbundle; includeInIndex = 0; path = QuizTests.xctest; sourceTree = BUILT_PRODUCTS_DIR; };
		1A30700D2334A21900AF51F9 /* QuizTests.swift */ = {isa = PBXFileReference; lastKnownFileType = sourcecode.swift; path = QuizTests.swift; sourceTree = "<group>"; };
		1A30700F2334A21900AF51F9 /* Info.plist */ = {isa = PBXFileReference; lastKnownFileType = text.plist.xml; path = Info.plist; sourceTree = "<group>"; };
		1A3070142334A21900AF51F9 /* QuizUITests.xctest */ = {isa = PBXFileReference; explicitFileType = wrapper.cfbundle; includeInIndex = 0; path = QuizUITests.xctest; sourceTree = BUILT_PRODUCTS_DIR; };
		1A3070182334A21900AF51F9 /* QuizUITests.swift */ = {isa = PBXFileReference; lastKnownFileType = sourcecode.swift; path = QuizUITests.swift; sourceTree = "<group>"; };
		1A30701A2334A21900AF51F9 /* Info.plist */ = {isa = PBXFileReference; lastKnownFileType = text.plist.xml; path = Info.plist; sourceTree = "<group>"; };
/* End PBXFileReference section */

/* Begin PBXFrameworksBuildPhase section */
		1A306FF22334A21700AF51F9 /* Frameworks */ = {
			isa = PBXFrameworksBuildPhase;
			buildActionMask = 2147483647;
			files = (
			);
			runOnlyForDeploymentPostprocessing = 0;
		};
		1A3070062334A21900AF51F9 /* Frameworks */ = {
			isa = PBXFrameworksBuildPhase;
			buildActionMask = 2147483647;
			files = (
			);
			runOnlyForDeploymentPostprocessing = 0;
		};
		1A3070112334A21900AF51F9 /* Frameworks */ = {
			isa = PBXFrameworksBuildPhase;
			buildActionMask = 2147483647;
			files = (
			);
			runOnlyForDeploymentPostprocessing = 0;
		};
/* End PBXFrameworksBuildPhase section */

/* Begin PBXGroup section */
		1A306FEC2334A21700AF51F9 = {
			isa = PBXGroup;
			children = (
				1A306FF72334A21800AF51F9 /* Quiz */,
				1A30700C2334A21900AF51F9 /* QuizTests */,
				1A3070172334A21900AF51F9 /* QuizUITests */,
				1A306FF62334A21800AF51F9 /* Products */,
			);
			sourceTree = "<group>";
		};
		1A306FF62334A21800AF51F9 /* Products */ = {
			isa = PBXGroup;
			children = (
				1A306FF52334A21800AF51F9 /* Quiz.app */,
				1A3070092334A21900AF51F9 /* QuizTests.xctest */,
				1A3070142334A21900AF51F9 /* QuizUITests.xctest */,
			);
			name = Products;
			sourceTree = "<group>";
		};
		1A306FF72334A21800AF51F9 /* Quiz */ = {
			isa = PBXGroup;
			children = (
				1A306FF82334A21800AF51F9 /* AppDelegate.swift */,
				1A306FFA2334A21800AF51F9 /* ViewController.swift */,
				1A306FFC2334A21800AF51F9 /* Main.storyboard */,
				1A306FFF2334A21900AF51F9 /* Assets.xcassets */,
				1A3070012334A21900AF51F9 /* LaunchScreen.storyboard */,
				1A3070042334A21900AF51F9 /* Info.plist */,
			);
			path = Quiz;
			sourceTree = "<group>";
		};
		1A30700C2334A21900AF51F9 /* QuizTests */ = {
			isa = PBXGroup;
			children = (
				1A30700D2334A21900AF51F9 /* QuizTests.swift */,
				1A30700F2334A21900AF51F9 /* Info.plist */,
			);
			path = QuizTests;
			sourceTree = "<group>";
		};
		1A3070172334A21900AF51F9 /* QuizUITests */ = {
			isa = PBXGroup;
			children = (
				1A3070182334A21900AF51F9 /* QuizUITests.swift */,
				1A30701A2334A21900AF51F9 /* Info.plist */,
			);
			path = QuizUITests;
			sourceTree = "<group>";
		};
/* End PBXGroup section */

/* Begin PBXNativeTarget section */
		1A306FF42334A21700AF51F9 /* Quiz */ = {
			isa = PBXNativeTarget;
			buildConfigurationList = 1A30701D2334A21900AF51F9 /* Build configuration list for PBXNativeTarget "Quiz" */;
			buildPhases = (
				1A306FF12334A21700AF51F9 /* Sources */,
				1A306FF22334A21700AF51F9 /* Frameworks */,
				1A306FF32334A21700AF51F9 /* Resources */,
			);
			buildRules = (
			);
			dependencies = (
			);
			name = Quiz;
			productName = Quiz;
			productReference = 1A306FF52334A21800AF51F9 /* Quiz.app */;
			productType = "com.apple.product-type.application";
		};
		1A3070082334A21900AF51F9 /* QuizTests */ = {
			isa = PBXNativeTarget;
			buildConfigurationList = 1A3070202334A21900AF51F9 /* Build configuration list for PBXNativeTarget "QuizTests" */;
			buildPhases = (
				1A3070052334A21900AF51F9 /* Sources */,
				1A3070062334A21900AF51F9 /* Frameworks */,
				1A3070072334A21900AF51F9 /* Resources */,
			);
			buildRules = (
			);
			dependencies = (
				1A30700B2334A21900AF51F9 /* PBXTargetDependency */,
			);
			name = QuizTests;
			productName = QuizTests;
			productReference = 1A3070092334A21900AF51F9 /* QuizTests.xctest */;
			productType = "com.apple.product-type.bundle.unit-test";
		};
		1A3070132334A21900AF51F9 /* QuizUITests */ = {
			isa = PBXNativeTarget;
			buildConfigurationList = 1A3070232334A21900AF51F9 /* Build configuration list for PBXNativeTarget "QuizUITests" */;
			buildPhases = (
				1A3070102334A21900AF51F9 /* Sources */,
				1A3070112334A21900AF51F9 /* Frameworks */,
				1A3070122334A21900AF51F9 /* Resources */,
			);
			buildRules = (
			);
			dependencies = (
				1A3070162334A21900AF51F9 /* PBXTargetDependency */,
			);
			name = QuizUITests;
			productName = QuizUITests;
			productReference = 1A3070142334A21900AF51F9 /* QuizUITests.xctest */;
			productType = "com.apple.product-type.bundle.ui-testing";
		};
/* End PBXNativeTarget section */

/* Begin PBXProject section */
		1A306FED2334A21700AF51F9 /* Project object */ = {
			isa = PBXProject;
			attributes = {
				LastSwiftUpdateCheck = 1030;
				LastUpgradeCheck = 1030;
				ORGANIZATIONNAME = "Tung Nguyen";
				TargetAttributes = {
					1A306FF42334A21700AF51F9 = {
						CreatedOnToolsVersion = 10.3;
					};
					1A3070082334A21900AF51F9 = {
						CreatedOnToolsVersion = 10.3;
						TestTargetID = 1A306FF42334A21700AF51F9;
					};
					1A3070132334A21900AF51F9 = {
						CreatedOnToolsVersion = 10.3;
						TestTargetID = 1A306FF42334A21700AF51F9;
					};
				};
			};
			buildConfigurationList = 1A306FF02334A21700AF51F9 /* Build configuration list for PBXProject "Quiz" */;
			compatibilityVersion = "Xcode 9.3";
			developmentRegion = en;
			hasScannedForEncodings = 0;
			knownRegions = (
				en,
				Base,
			);
			mainGroup = 1A306FEC2334A21700AF51F9;
			productRefGroup = 1A306FF62334A21800AF51F9 /* Products */;
			projectDirPath = "";
			projectRoot = "";
			targets = (
				1A306FF42334A21700AF51F9 /* Quiz */,
				1A3070082334A21900AF51F9 /* QuizTests */,
				1A3070132334A21900AF51F9 /* QuizUITests */,
			);
		};
/* End PBXProject section */

/* Begin PBXResourcesBuildPhase section */
		1A306FF32334A21700AF51F9 /* Resources */ = {
			isa = PBXResourcesBuildPhase;
			buildActionMask = 2147483647;
			files = (
				1A3070032334A21900AF51F9 /* LaunchScreen.storyboard in Resources */,
				1A3070002334A21900AF51F9 /* Assets.xcassets in Resources */,
				1A306FFE2334A21800AF51F9 /* Main.storyboard in Resources */,
			);
			runOnlyForDeploymentPostprocessing = 0;
		};
		1A3070072334A21900AF51F9 /* Resources */ = {
			isa = PBXResourcesBuildPhase;
			buildActionMask = 2147483647;
			files = (
			);
			runOnlyForDeploymentPostprocessing = 0;
		};
		1A3070122334A21900AF51F9 /* Resources */ = {
			isa = PBXResourcesBuildPhase;
			buildActionMask = 2147483647;
			files = (
			);
			runOnlyForDeploymentPostprocessing = 0;
		};
/* End PBXResourcesBuildPhase section */

/* Begin PBXSourcesBuildPhase section */
		1A306FF12334A21700AF51F9 /* Sources */ = {
			isa = PBXSourcesBuildPhase;
			buildActionMask = 2147483647;
			files = (
				1A306FFB2334A21800AF51F9 /* ViewController.swift in Sources */,
				1A306FF92334A21800AF51F9 /* AppDelegate.swift in Sources */,
			);
			runOnlyForDeploymentPostprocessing = 0;
		};
		1A3070052334A21900AF51F9 /* Sources */ = {
			isa = PBXSourcesBuildPhase;
			buildActionMask = 2147483647;
			files = (
				1A30700E2334A21900AF51F9 /* QuizTests.swift in Sources */,
			);
			runOnlyForDeploymentPostprocessing = 0;
		};
		1A3070102334A21900AF51F9 /* Sources */ = {
			isa = PBXSourcesBuildPhase;
			buildActionMask = 2147483647;
			files = (
				1A3070192334A21900AF51F9 /* QuizUITests.swift in Sources */,
			);
			runOnlyForDeploymentPostprocessing = 0;
		};
/* End PBXSourcesBuildPhase section */

/* Begin PBXTargetDependency section */
		1A30700B2334A21900AF51F9 /* PBXTargetDependency */ = {
			isa = PBXTargetDependency;
			target = 1A306FF42334A21700AF51F9 /* Quiz */;
			targetProxy = 1A30700A2334A21900AF51F9 /* PBXContainerItemProxy */;
		};
		1A3070162334A21900AF51F9 /* PBXTargetDependency */ = {
			isa = PBXTargetDependency;
			target = 1A306FF42334A21700AF51F9 /* Quiz */;
			targetProxy = 1A3070152334A21900AF51F9 /* PBXContainerItemProxy */;
		};
/* End PBXTargetDependency section */

/* Begin PBXVariantGroup section */
		1A306FFC2334A21800AF51F9 /* Main.storyboard */ = {
			isa = PBXVariantGroup;
			children = (
				1A306FFD2334A21800AF51F9 /* Base */,
			);
			name = Main.storyboard;
			sourceTree = "<group>";
		};
		1A3070012334A21900AF51F9 /* LaunchScreen.storyboard */ = {
			isa = PBXVariantGroup;
			children = (
				1A3070022334A21900AF51F9 /* Base */,
			);
			name = LaunchScreen.storyboard;
			sourceTree = "<group>";
		};
/* End PBXVariantGroup section */

/* Begin XCBuildConfiguration section */
		1A30701B2334A21900AF51F9 /* Debug */ = {
			isa = XCBuildConfiguration;
			buildSettings = {
				ALWAYS_SEARCH_USER_PATHS = NO;
				CLANG_ANALYZER_NONNULL = YES;
				CLANG_ANALYZER_NUMBER_OBJECT_CONVERSION = YES_AGGRESSIVE;
				CLANG_CXX_LANGUAGE_STANDARD = "gnu++14";
				CLANG_CXX_LIBRARY = "libc++";
				CLANG_ENABLE_MODULES = YES;
				CLANG_ENABLE_OBJC_ARC = YES;
				CLANG_ENABLE_OBJC_WEAK = YES;
				CLANG_WARN_BLOCK_CAPTURE_AUTORELEASING = YES;
				CLANG_WARN_BOOL_CONVERSION = YES;
				CLANG_WARN_COMMA = YES;
				CLANG_WARN_CONSTANT_CONVERSION = YES;
				CLANG_WARN_DEPRECATED_OBJC_IMPLEMENTATIONS = YES;
				CLANG_WARN_DIRECT_OBJC_ISA_USAGE = YES_ERROR;
				CLANG_WARN_DOCUMENTATION_COMMENTS = YES;
				CLANG_WARN_EMPTY_BODY = YES;
				CLANG_WARN_ENUM_CONVERSION = YES;
				CLANG_WARN_INFINITE_RECURSION = YES;
				CLANG_WARN_INT_CONVERSION = YES;
				CLANG_WARN_NON_LITERAL_NULL_CONVERSION = YES;
				CLANG_WARN_OBJC_IMPLICIT_RETAIN_SELF = YES;
				CLANG_WARN_OBJC_LITERAL_CONVERSION = YES;
				CLANG_WARN_OBJC_ROOT_CLASS = YES_ERROR;
				CLANG_WARN_RANGE_LOOP_ANALYSIS = YES;
				CLANG_WARN_STRICT_PROTOTYPES = YES;
				CLANG_WARN_SUSPICIOUS_MOVE = YES;
				CLANG_WARN_UNGUARDED_AVAILABILITY = YES_AGGRESSIVE;
				CLANG_WARN_UNREACHABLE_CODE = YES;
				CLANG_WARN__DUPLICATE_METHOD_MATCH = YES;
				CODE_SIGN_IDENTITY = "iPhone Developer";
				COPY_PHASE_STRIP = NO;
				DEBUG_INFORMATION_FORMAT = dwarf;
				ENABLE_STRICT_OBJC_MSGSEND = YES;
				ENABLE_TESTABILITY = YES;
				GCC_C_LANGUAGE_STANDARD = gnu11;
				GCC_DYNAMIC_NO_PIC = NO;
				GCC_NO_COMMON_BLOCKS = YES;
				GCC_OPTIMIZATION_LEVEL = 0;
				GCC_PREPROCESSOR_DEFINITIONS = (
					"DEBUG=1",
					"$(inherited)",
				);
				GCC_WARN_64_TO_32_BIT_CONVERSION = YES;
				GCC_WARN_ABOUT_RETURN_TYPE = YES_ERROR;
				GCC_WARN_UNDECLARED_SELECTOR = YES;
				GCC_WARN_UNINITIALIZED_AUTOS = YES_AGGRESSIVE;
				GCC_WARN_UNUSED_FUNCTION = YES;
				GCC_WARN_UNUSED_VARIABLE = YES;
				IPHONEOS_DEPLOYMENT_TARGET = 12.4;
				MTL_ENABLE_DEBUG_INFO = INCLUDE_SOURCE;
				MTL_FAST_MATH = YES;
				ONLY_ACTIVE_ARCH = YES;
				SDKROOT = iphoneos;
				SWIFT_ACTIVE_COMPILATION_CONDITIONS = DEBUG;
				SWIFT_OPTIMIZATION_LEVEL = "-Onone";
			};
			name = Debug;
		};
		1A30701C2334A21900AF51F9 /* Release */ = {
			isa = XCBuildConfiguration;
			buildSettings = {
				ALWAYS_SEARCH_USER_PATHS = NO;
				CLANG_ANALYZER_NONNULL = YES;
				CLANG_ANALYZER_NUMBER_OBJECT_CONVERSION = YES_AGGRESSIVE;
				CLANG_CXX_LANGUAGE_STANDARD = "gnu++14";
				CLANG_CXX_LIBRARY = "libc++";
				CLANG_ENABLE_MODULES = YES;
				CLANG_ENABLE_OBJC_ARC = YES;
				CLANG_ENABLE_OBJC_WEAK = YES;
				CLANG_WARN_BLOCK_CAPTURE_AUTORELEASING = YES;
				CLANG_WARN_BOOL_CONVERSION = YES;
				CLANG_WARN_COMMA = YES;
				CLANG_WARN_CONSTANT_CONVERSION = YES;
				CLANG_WARN_DEPRECATED_OBJC_IMPLEMENTATIONS = YES;
				CLANG_WARN_DIRECT_OBJC_ISA_USAGE = YES_ERROR;
				CLANG_WARN_DOCUMENTATION_COMMENTS = YES;
				CLANG_WARN_EMPTY_BODY = YES;
				CLANG_WARN_ENUM_CONVERSION = YES;
				CLANG_WARN_INFINITE_RECURSION = YES;
				CLANG_WARN_INT_CONVERSION = YES;
				CLANG_WARN_NON_LITERAL_NULL_CONVERSION = YES;
				CLANG_WARN_OBJC_IMPLICIT_RETAIN_SELF = YES;
				CLANG_WARN_OBJC_LITERAL_CONVERSION = YES;
				CLANG_WARN_OBJC_ROOT_CLASS = YES_ERROR;
				CLANG_WARN_RANGE_LOOP_ANALYSIS = YES;
				CLANG_WARN_STRICT_PROTOTYPES = YES;
				CLANG_WARN_SUSPICIOUS_MOVE = YES;
				CLANG_WARN_UNGUARDED_AVAILABILITY = YES_AGGRESSIVE;
				CLANG_WARN_UNREACHABLE_CODE = YES;
				CLANG_WARN__DUPLICATE_METHOD_MATCH = YES;
				CODE_SIGN_IDENTITY = "iPhone Developer";
				COPY_PHASE_STRIP = NO;
				DEBUG_INFORMATION_FORMAT = "dwarf-with-dsym";
				ENABLE_NS_ASSERTIONS = NO;
				ENABLE_STRICT_OBJC_MSGSEND = YES;
				GCC_C_LANGUAGE_STANDARD = gnu11;
				GCC_NO_COMMON_BLOCKS = YES;
				GCC_WARN_64_TO_32_BIT_CONVERSION = YES;
				GCC_WARN_ABOUT_RETURN_TYPE = YES_ERROR;
				GCC_WARN_UNDECLARED_SELECTOR = YES;
				GCC_WARN_UNINITIALIZED_AUTOS = YES_AGGRESSIVE;
				GCC_WARN_UNUSED_FUNCTION = YES;
				GCC_WARN_UNUSED_VARIABLE = YES;
				IPHONEOS_DEPLOYMENT_TARGET = 12.4;
				MTL_ENABLE_DEBUG_INFO = NO;
				MTL_FAST_MATH = YES;
				SDKROOT = iphoneos;
				SWIFT_COMPILATION_MODE = wholemodule;
				SWIFT_OPTIMIZATION_LEVEL = "-O";
				VALIDATE_PRODUCT = YES;
			};
			name = Release;
		};
		1A30701E2334A21900AF51F9 /* Debug */ = {
			isa = XCBuildConfiguration;
			buildSettings = {
				ASSETCATALOG_COMPILER_APPICON_NAME = AppIcon;
				CODE_SIGN_STYLE = Automatic;
				INFOPLIST_FILE = Quiz/Info.plist;
				LD_RUNPATH_SEARCH_PATHS = (
					"$(inherited)",
					"@executable_path/Frameworks",
				);
				PRODUCT_BUNDLE_IDENTIFIER = coff.Quiz;
				PRODUCT_NAME = "$(TARGET_NAME)";
				SWIFT_VERSION = 5.0;
				TARGETED_DEVICE_FAMILY = "1,2";
			};
			name = Debug;
		};
		1A30701F2334A21900AF51F9 /* Release */ = {
			isa = XCBuildConfiguration;
			buildSettings = {
				ASSETCATALOG_COMPILER_APPICON_NAME = AppIcon;
				CODE_SIGN_STYLE = Automatic;
				INFOPLIST_FILE = Quiz/Info.plist;
				LD_RUNPATH_SEARCH_PATHS = (
					"$(inherited)",
					"@executable_path/Frameworks",
				);
				PRODUCT_BUNDLE_IDENTIFIER = coff.Quiz;
				PRODUCT_NAME = "$(TARGET_NAME)";
				SWIFT_VERSION = 5.0;
				TARGETED_DEVICE_FAMILY = "1,2";
			};
			name = Release;
		};
		1A3070212334A21900AF51F9 /* Debug */ = {
			isa = XCBuildConfiguration;
			buildSettings = {
				ALWAYS_EMBED_SWIFT_STANDARD_LIBRARIES = YES;
				BUNDLE_LOADER = "$(TEST_HOST)";
				CODE_SIGN_STYLE = Automatic;
				INFOPLIST_FILE = QuizTests/Info.plist;
				LD_RUNPATH_SEARCH_PATHS = (
					"$(inherited)",
					"@executable_path/Frameworks",
					"@loader_path/Frameworks",
				);
				PRODUCT_BUNDLE_IDENTIFIER = coff.QuizTests;
				PRODUCT_NAME = "$(TARGET_NAME)";
				SWIFT_VERSION = 5.0;
				TARGETED_DEVICE_FAMILY = "1,2";
				TEST_HOST = "$(BUILT_PRODUCTS_DIR)/Quiz.app/Quiz";
			};
			name = Debug;
		};
		1A3070222334A21900AF51F9 /* Release */ = {
			isa = XCBuildConfiguration;
			buildSettings = {
				ALWAYS_EMBED_SWIFT_STANDARD_LIBRARIES = YES;
				BUNDLE_LOADER = "$(TEST_HOST)";
				CODE_SIGN_STYLE = Automatic;
				INFOPLIST_FILE = QuizTests/Info.plist;
				LD_RUNPATH_SEARCH_PATHS = (
					"$(inherited)",
					"@executable_path/Frameworks",
					"@loader_path/Frameworks",
				);
				PRODUCT_BUNDLE_IDENTIFIER = coff.QuizTests;
				PRODUCT_NAME = "$(TARGET_NAME)";
				SWIFT_VERSION = 5.0;
				TARGETED_DEVICE_FAMILY = "1,2";
				TEST_HOST = "$(BUILT_PRODUCTS_DIR)/Quiz.app/Quiz";
			};
			name = Release;
		};
		1A3070242334A21900AF51F9 /* Debug */ = {
			isa = XCBuildConfiguration;
			buildSettings = {
				ALWAYS_EMBED_SWIFT_STANDARD_LIBRARIES = YES;
				CODE_SIGN_STYLE = Automatic;
				INFOPLIST_FILE = QuizUITests/Info.plist;
				LD_RUNPATH_SEARCH_PATHS = (
					"$(inherited)",
					"@executable_path/Frameworks",
					"@loader_path/Frameworks",
				);
				PRODUCT_BUNDLE_IDENTIFIER = coff.QuizUITests;
				PRODUCT_NAME = "$(TARGET_NAME)";
				SWIFT_VERSION = 5.0;
				TARGETED_DEVICE_FAMILY = "1,2";
				TEST_TARGET_NAME = Quiz;
			};
			name = Debug;
		};
		1A3070252334A21900AF51F9 /* Release */ = {
			isa = XCBuildConfiguration;
			buildSettings = {
				ALWAYS_EMBED_SWIFT_STANDARD_LIBRARIES = YES;
				CODE_SIGN_STYLE = Automatic;
				INFOPLIST_FILE = QuizUITests/Info.plist;
				LD_RUNPATH_SEARCH_PATHS = (
					"$(inherited)",
					"@executable_path/Frameworks",
					"@loader_path/Frameworks",
				);
				PRODUCT_BUNDLE_IDENTIFIER = coff.QuizUITests;
				PRODUCT_NAME = "$(TARGET_NAME)";
				SWIFT_VERSION = 5.0;
				TARGETED_DEVICE_FAMILY = "1,2";
				TEST_TARGET_NAME = Quiz;
			};
			name = Release;
		};
/* End XCBuildConfiguration section */

/* Begin XCConfigurationList section */
		1A306FF02334A21700AF51F9 /* Build configuration list for PBXProject "Quiz" */ = {
			isa = XCConfigurationList;
			buildConfigurations = (
				1A30701B2334A21900AF51F9 /* Debug */,
				1A30701C2334A21900AF51F9 /* Release */,
			);
			defaultConfigurationIsVisible = 0;
			defaultConfigurationName = Release;
		};
		1A30701D2334A21900AF51F9 /* Build configuration list for PBXNativeTarget "Quiz" */ = {
			isa = XCConfigurationList;
			buildConfigurations = (
				1A30701E2334A21900AF51F9 /* Debug */,
				1A30701F2334A21900AF51F9 /* Release */,
			);
			defaultConfigurationIsVisible = 0;
			defaultConfigurationName = Release;
		};
		1A3070202334A21900AF51F9 /* Build configuration list for PBXNativeTarget "QuizTests" */ = {
			isa = XCConfigurationList;
			buildConfigurations = (
				1A3070212334A21900AF51F9 /* Debug */,
				1A3070222334A21900AF51F9 /* Release */,
			);
			defaultConfigurationIsVisible = 0;
			defaultConfigurationName = Release;
		};
		1A3070232334A21900AF51F9 /* Build configuration list for PBXNativeTarget "QuizUITests" */ = {
			isa = XCConfigurationList;
			buildConfigurations = (
				1A3070242334A21900AF51F9 /* Debug */,
				1A3070252334A21900AF51F9 /* Release */,
			);
			defaultConfigurationIsVisible = 0;
			defaultConfigurationName = Release;
		};
/* End XCConfigurationList section */
	};
	rootObject = 1A306FED2334A21700AF51F9 /* Project object */;
}
